
Microsoft Visual Studio Solution File, Format Version 12.00
# Visual Studio Version 16
VisualStudioVersion = 16.0.29111.141
MinimumVisualStudioVersion = 10.0.40219.1
Project("{FAE04EC0-301F-11D3-BF4B-00C04F79EFBC}") = "SecResWpf", "SecResWpf\SecResWpf.csproj", "{9E57A089-8A50-43D3-AC41-6C8924D8A7E9}"
EndProject
Global
	GlobalSection(SolutionConfigurationPlatforms) = preSolution
		Debug|Any CPU = Debug|Any CPU
		Debug|x64 = Debug|x64
		Release|Any CPU = Release|Any CPU
		Release|x64 = Release|x64
	EndGlobalSection
	GlobalSection(ProjectConfigurationPlatforms) = postSolution
		{9E57A089-8A50-43D3-AC41-6C8924D8A7E9}.Debug|Any CPU.ActiveCfg = Debug|Any CPU
		{9E57A089-8A50-43D3-AC41-6C8924D8A7E9}.Debug|Any CPU.Build.0 = Debug|Any CPU
		{9E57A089-8A50-43D3-AC41-6C8924D8A7E9}.Debug|x64.ActiveCfg = Debug|x64
		{9E57A089-8A50-43D3-AC41-6C8924D8A7E9}.Debug|x64.Build.0 = Debug|x64
		{9E57A089-8A50-43D3-AC41-6C8924D8A7E9}.Release|Any CPU.ActiveCfg = Release|Any CPU
		{9E57A089-8A50-43D3-AC41-6C8924D8A7E9}.Release|Any CPU.Build.0 = Release|Any CPU
		{9E57A089-8A50-43D3-AC41-6C8924D8A7E9}.Release|x64.ActiveCfg = Release|x64
		{9E57A089-8A50-43D3-AC41-6C8924D8A7E9}.Release|x64.Build.0 = Release|x64
	EndGlobalSection
	GlobalSection(SolutionProperties) = preSolution
		HideSolutionNode = FALSE
	EndGlobalSection
	GlobalSection(ExtensibilityGlobals) = postSolution
		SolutionGuid = {607A92D3-3D05-4CCA-985C-D14EDFC7F9F8}
	EndGlobalSection
EndGlobal
